<?xml version="1.0" encoding="utf-8"?>
<Project ToolsVersion="4.0" xmlns="http://schemas.microsoft.com/developer/msbuild/2003">
  <ItemGroup>
    <Filter Include="资源文件">
      <UniqueIdentifier>{67DA6AB6-F800-4c08-8B7A-83BB121AAD01}</UniqueIdentifier>
      <Extensions>rc;ico;cur;bmp;dlg;rc2;rct;bin;rgs;gif;jpg;jpeg;jpe;resx;tiff;tif;png;wav;mfcribbon-ms</Extensions>
    </Filter>
    <Filter Include="Framework">
      <UniqueIdentifier>{4a39b279-2b34-42cc-91fa-3d3d5d1df1e8}</UniqueIdentifier>
    </Filter>
    <Filter Include="AppBoot">
      <UniqueIdentifier>{354344e6-0e85-4037-80d6-b02580353724}</UniqueIdentifier>
    </Filter>
    <Filter Include="Ui">
      <UniqueIdentifier>{791d3b9d-8dd5-4a0d-979a-5a17708ad728}</UniqueIdentifier>
    </Filter>
    <Filter Include="Utils">
      <UniqueIdentifier>{92e89b7b-e8fd-4036-8ab6-e85c909ace94}</UniqueIdentifier>
    </Filter>
    <Filter Include="Utils\Io">
      <UniqueIdentifier>{16670f31-7278-4567-b7ad-fa8743c25c0c}</UniqueIdentifier>
    </Filter>
    <Filter Include="Utils\Cmds">
      <UniqueIdentifier>{12c32265-a346-445f-96ac-c57b44375e9e}</UniqueIdentifier>
    </Filter>
    <Filter Include="Framework\Lifecycle">
      <UniqueIdentifier>{834553e1-3091-4853-a33c-1e88b854243d}</UniqueIdentifier>
    </Filter>
    <Filter Include="Framework\Config">
      <UniqueIdentifier>{92e600cb-8de3-4967-9ba6-037e98913c8c}</UniqueIdentifier>
    </Filter>
  </ItemGroup>
  <ItemGroup>
    <ClCompile Include="FrameworkActivityInsightsManager.cpp">
      <Filter>Framework</Filter>
    </ClCompile>
    <ClCompile Include="FrameworkActivityInsightsManager.ixx">
      <Filter>Framework</Filter>
    </ClCompile>
    <ClCompile Include="FrameworkBuildingTime.ixx">
      <Filter>Framework</Filter>
    </ClCompile>
    <ClCompile Include="FrameworkCommands.cpp">
      <Filter>Framework</Filter>
    </ClCompile>
    <ClCompile Include="FrameworkCommands.ixx">
      <Filter>Framework</Filter>
    </ClCompile>
    <ClCompile Include="FrameworkDocCloseInterceptor.cpp">
      <Filter>Framework</Filter>
    </ClCompile>
    <ClCompile Include="FrameworkDocCloseInterceptor.ixx">
      <Filter>Framework</Filter>
    </ClCompile>
    <ClCompile Include="FrameworkImeAutoSwitcher.cpp">
      <Filter>Framework</Filter>
    </ClCompile>
    <ClCompile Include="FrameworkImeAutoSwitcher.ixx">
      <Filter>Framework</Filter>
    </ClCompile>
    <ClCompile Include="FrameworkMiddleClickManager.cpp">
      <Filter>Framework</Filter>
    </ClCompile>
    <ClCompile Include="FrameworkMiddleClickManager.ixx">
      <Filter>Framework</Filter>
    </ClCompile>
    <ClCompile Include="FrameworkTranslator.cpp">
      <Filter>Framework</Filter>
    </ClCompile>
    <ClCompile Include="FrameworkTranslator.ixx">
      <Filter>Framework</Filter>
    </ClCompile>
    <ClCompile Include="acrxEntryPoint.cpp">
      <Filter>AppBoot</Filter>
    </ClCompile>
    <ClCompile Include="CadTools.cpp">
      <Filter>AppBoot</Filter>
    </ClCompile>
    <ClCompile Include="DocData.cpp">
      <Filter>AppBoot</Filter>
    </ClCompile>
    <ClCompile Include="StdAfx.cpp">
      <Filter>AppBoot</Filter>
    </ClCompile>
    <ClCompile Include="UiFileDialog.cpp">
      <Filter>Ui</Filter>
    </ClCompile>
    <ClCompile Include="UiFileDialog.ixx">
      <Filter>Ui</Filter>
    </ClCompile>
    <ClCompile Include="UiGenericPairEditDlg.cpp">
      <Filter>Ui</Filter>
    </ClCompile>
    <ClCompile Include="UiMainBar.cpp">
      <Filter>Ui</Filter>
    </ClCompile>
    <ClCompile Include="UiMainBarChildDlg.cpp">
      <Filter>Ui</Filter>
    </ClCompile>
    <ClCompile Include="UiUniversalPicker.cpp">
      <Filter>Ui</Filter>
    </ClCompile>
    <ClCompile Include="UiUniversalPicker.ixx">
      <Filter>Ui</Filter>
    </ClCompile>
    <ClCompile Include="UtilAcadVar.ixx">
      <Filter>Utils</Filter>
    </ClCompile>
    <ClCompile Include="UtilAnnotative.cpp">
      <Filter>Utils</Filter>
    </ClCompile>
    <ClCompile Include="UtilAnnotative.ixx">
      <Filter>Utils</Filter>
    </ClCompile>
    <ClCompile Include="UtilBalloonNumber.cpp">
      <Filter>Utils</Filter>
    </ClCompile>
    <ClCompile Include="UtilBalloonNumber.ixx">
      <Filter>Utils</Filter>
    </ClCompile>
    <ClCompile Include="UtilDimension.cpp">
      <Filter>Utils</Filter>
    </ClCompile>
    <ClCompile Include="UtilDimension.ixx">
      <Filter>Utils</Filter>
    </ClCompile>
    <ClCompile Include="UtilEntityStyle.cpp">
      <Filter>Utils</Filter>
    </ClCompile>
    <ClCompile Include="UtilEntityStyle.ixx">
      <Filter>Utils</Filter>
    </ClCompile>
    <ClCompile Include="UtilGeometricTolerance.cpp">
      <Filter>Utils</Filter>
    </ClCompile>
    <ClCompile Include="UtilGeometricTolerance.ixx">
      <Filter>Utils</Filter>
    </ClCompile>
    <ClCompile Include="UtilImage.cpp">
      <Filter>Utils</Filter>
    </ClCompile>
    <ClCompile Include="UtilImage.ixx">
      <Filter>Utils</Filter>
    </ClCompile>
    <ClCompile Include="UtilLine.cpp">
      <Filter>Utils</Filter>
    </ClCompile>
    <ClCompile Include="UtilLine.ixx">
      <Filter>Utils</Filter>
    </ClCompile>
    <ClCompile Include="UtilPoint.cpp">
      <Filter>Utils</Filter>
    </ClCompile>
    <ClCompile Include="UtilPoint.ixx">
      <Filter>Utils</Filter>
    </ClCompile>
    <ClCompile Include="UtilText.cpp">
      <Filter>Utils</Filter>
    </ClCompile>
    <ClCompile Include="UtilText.ixx">
      <Filter>Utils</Filter>
    </ClCompile>
    <ClCompile Include="UtilIoCsvModule.cpp">
      <Filter>Utils\Io</Filter>
    </ClCompile>
    <ClCompile Include="UtilIoCsvModule.ixx">
      <Filter>Utils\Io</Filter>
    </ClCompile>
    <ClCompile Include="UtilIoEncodingConverter.cpp">
      <Filter>Utils\Io</Filter>
    </ClCompile>
    <ClCompile Include="UtilIoEncodingConverter.ixx">
      <Filter>Utils\Io</Filter>
    </ClCompile>
    <ClCompile Include="UtilIoJsonWrapper.cpp">
      <Filter>Utils\Io</Filter>
    </ClCompile>
    <ClCompile Include="UtilIoJsonWrapper.ixx">
      <Filter>Utils\Io</Filter>
    </ClCompile>
    <ClCompile Include="UtilCmdBalloon.ixx">
      <Filter>Utils\Cmds</Filter>
    </ClCompile>
    <ClCompile Include="UtilCmdDevInternal.ixx">
      <Filter>Utils\Cmds</Filter>
    </ClCompile>
    <ClCompile Include="UtilCmdDimension.ixx">
      <Filter>Utils\Cmds</Filter>
    </ClCompile>
    <ClCompile Include="UtilCmdEntityGeometry.ixx">
      <Filter>Utils\Cmds</Filter>
    </ClCompile>
    <ClCompile Include="UtilCmdImage.ixx">
      <Filter>Utils\Cmds</Filter>
    </ClCompile>
    <ClCompile Include="UtilCmdSystemConfig.ixx">
      <Filter>Utils\Cmds</Filter>
    </ClCompile>
    <ClCompile Include="UtilCmdText.ixx">
      <Filter>Utils\Cmds</Filter>
    </ClCompile>
    <ClCompile Include="FrameworkLifecycleInterface.cpp">
      <Filter>Framework\Lifecycle</Filter>
    </ClCompile>
    <ClCompile Include="FrameworkLifecycleInterface.ixx">
      <Filter>Framework\Lifecycle</Filter>
    </ClCompile>
    <ClCompile Include="FrameworkConfigManager.cpp">
      <Filter>Framework\Config</Filter>
    </ClCompile>
    <ClCompile Include="FrameworkConfigManager.ixx">
      <Filter>Framework\Config</Filter>
    </ClCompile>
    <ClCompile Include="UtilGeom.cpp">
      <Filter>Utils</Filter>
    </ClCompile>
    <ClCompile Include="UtilGeom.ixx">
      <Filter>Utils</Filter>
    </ClCompile>
    <ClCompile Include="UtilConstants.ixx">
      <Filter>Utils</Filter>
    </ClCompile>
    <ClCompile Include="UtilEntity.ixx">
      <Filter>Utils</Filter>
    </ClCompile>
    <ClCompile Include="UtilEntity.cpp">
      <Filter>Utils</Filter>
    </ClCompile>
    <ClCompile Include="UtilString.cpp">
      <Filter>Utils</Filter>
    </ClCompile>
    <ClCompile Include="UtilString.ixx">
      <Filter>Utils</Filter>
    </ClCompile>
    <ClCompile Include="UtilSystem.ixx">
      <Filter>Utils</Filter>
    </ClCompile>
    <ClCompile Include="UtilSystem.cpp">
      <Filter>Utils</Filter>
    </ClCompile>
  </ItemGroup>
  <ItemGroup>
    <ClInclude Include="DocData.h">
      <Filter>AppBoot</Filter>
    </ClInclude>
    <ClInclude Include="Resource.h">
      <Filter>AppBoot</Filter>
    </ClInclude>
    <ClInclude Include="StdAfx.h">
      <Filter>AppBoot</Filter>
    </ClInclude>
    <ClInclude Include="UiGenericPairEditDlg.hpp">
      <Filter>Ui</Filter>
    </ClInclude>
    <ClInclude Include="UiMainBar.hpp">
      <Filter>Ui</Filter>
    </ClInclude>
    <ClInclude Include="UiMainBarChildDlg.hpp">
      <Filter>Ui</Filter>
    </ClInclude>
  </ItemGroup>
  <ItemGroup>
    <ResourceCompile Include="CadTools.rc">
      <Filter>资源文件</Filter>
    </ResourceCompile>
  </ItemGroup>
  <ItemGroup>
    <Text Include="ReadMe.txt" />
  </ItemGroup>
  <ItemGroup>
    <None Include="README.md" />
    <None Include="vcpkg.json" />
  </ItemGroup>
</Project>